
Microsoft Visual Studio Solution File, Format Version 12.00
# Visual Studio Version 16
VisualStudioVersion = 16.0.30907.101
MinimumVisualStudioVersion = 10.0.40219.1
Project("{FAE04EC0-301F-11D3-BF4B-00C04F79EFBC}") = "CrudWPF", "CrudWPF\CrudWPF.csproj", "{7B753B97-38C7-4E33-B0BF-95C1F13CE6BE}"
EndProject
Project("{54435603-DBB4-11D2-8724-00A0C9A8B90C}") = "SetupCrud", "SetupCrud\SetupCrud.vdproj", "{D10A305F-8144-4442-9EBB-F8512DB49E69}"
EndProject
Global
	GlobalSection(SolutionConfigurationPlatforms) = preSolution
		Debug|Any CPU = Debug|Any CPU
		Release|Any CPU = Release|Any CPU
	EndGlobalSection
	GlobalSection(ProjectConfigurationPlatforms) = postSolution
		{7B753B97-38C7-4E33-B0BF-95C1F13CE6BE}.Debug|Any CPU.ActiveCfg = Debug|Any CPU
		{7B753B97-38C7-4E33-B0BF-95C1F13CE6BE}.Debug|Any CPU.Build.0 = Debug|Any CPU
		{7B753B97-38C7-4E33-B0BF-95C1F13CE6BE}.Release|Any CPU.ActiveCfg = Release|Any CPU
		{7B753B97-38C7-4E33-B0BF-95C1F13CE6BE}.Release|Any CPU.Build.0 = Release|Any CPU
		{D10A305F-8144-4442-9EBB-F8512DB49E69}.Debug|Any CPU.ActiveCfg = Debug
		{D10A305F-8144-4442-9EBB-F8512DB49E69}.Release|Any CPU.ActiveCfg = Release
	EndGlobalSection
	GlobalSection(SolutionProperties) = preSolution
		HideSolutionNode = FALSE
	EndGlobalSection
	GlobalSection(ExtensibilityGlobals) = postSolution
		SolutionGuid = {3449D6C4-51AD-4373-871E-9B36E1645B4B}
	EndGlobalSection
EndGlobal
